
Microsoft Visual Studio Solution File, Format Version 12.00
# Visual Studio Version 17
VisualStudioVersion = 17.1.32407.343
MinimumVisualStudioVersion = 10.0.40219.1
Project("{FAE04EC0-301F-11D3-BF4B-00C04F79EFBC}") = "eCommerceApp", "eCommerceApp.csproj", "{07852493-BBFB-4FC1-85EC-1391667DAF91}"
EndProject
Global
	GlobalSection(SolutionConfigurationPlatforms) = preSolution
		Debug|Any CPU = Debug|Any CPU
		Release|Any CPU = Release|Any CPU
	EndGlobalSection
	GlobalSection(ProjectConfigurationPlatforms) = postSolution
		{07852493-BBFB-4FC1-85EC-1391667DAF91}.Debug|Any CPU.ActiveCfg = Debug|Any CPU
		{07852493-BBFB-4FC1-85EC-1391667DAF91}.Debug|Any CPU.Build.0 = Debug|Any CPU
		{07852493-BBFB-4FC1-85EC-1391667DAF91}.Release|Any CPU.ActiveCfg = Release|Any CPU
		{07852493-BBFB-4FC1-85EC-1391667DAF91}.Release|Any CPU.Build.0 = Release|Any CPU
	EndGlobalSection
	GlobalSection(SolutionProperties) = preSolution
		HideSolutionNode = FALSE
	EndGlobalSection
	GlobalSection(ExtensibilityGlobals) = postSolution
		SolutionGuid = {5A83E040-1234-4425-A85E-D691870AEC76}
	EndGlobalSection
EndGlobal
